{
  "version": 4,
  "terraform_version": "1.11.2",
  "serial": 30,
  "lineage": "444f3476-d3dc-5173-801a-96a0c4de755a",
  "outputs": {
    "codedeploy_app_name": {
      "value": "istory-app",
      "type": "string"
    },
    "codedeploy_deployment_group_name": {
      "value": "istory-deploy-group",
      "type": "string"
    },
    "dev_istory_nginx_instance_public_ip": {
      "value": "43.201.51.238",
      "type": "string"
    },
    "istory-deploy-bucket_name": {
      "value": "istory-deploy-bucket-148761655721",
      "type": "string"
    },
    "rds_database_name": {
      "value": "istory",
      "type": "string"
    },
    "rds_endpoint": {
      "value": "istory-db.c5cwums2sniq.ap-northeast-2.rds.amazonaws.com:3306",
      "type": "string"
    },
    "rds_username": {
      "value": "user",
      "type": "string"
    },
    "ssh_private_key_pem": {
      "value": "-----BEGIN RSA PRIVATE KEY-----\nMIIEpQIBAAKCAQEApNItRfzQhlGRw27GpBIPB4fOxM6GueWaglNsAZExNwp0gU+4\nVKvN8he7K86G3h6CfoHLpJN41OSCKCS+L5bsYDduOGK04eVOrRxmVkfG07tLzvfm\nCj7Vypbc4OwLNfgdEmMGrMNG64ch5z20+tWdBHhwgZKsJpYJPhkDzNa8CvFYnnhi\nTuGu0NtMROjJsjhTfd7fkZFF4vGjbVys3RsMzqbFhRW+W8DbyUlZUC1myBhO9EHE\nXvtxmUdEvTMbHjM86+TOhcE+Qoujzf06Vm2Y4X2j1wYUEGH+VkRHljiIwibpiPrZ\nJrSJ+fKjesLJaQ6ZtMBcOvc0eTO3KThGaWqOnwIDAQABAoIBAC6Rp/MPZIefAnVa\nlkuDQrXY/GYFCHH72rUaBvlGYcZwcMycjrN1u4G8jMjq2JZnvm0qFTTR6iEU02Wu\nRAJEPVNONhk+Ymc1GA63aH7WVuo6EEhRKLEaYeOUzqHKb7x29xfb3OXxYtdnXf/t\nInaA5pV9xiQGIhfg6omeHcHBpm3coRGuJ8tBU27QZj9A6uvmwi2nFPaJPjft3Sgo\nJNG0vWg7jBpR6ZTCA2WFPFDw9VzjuPB1RQMp9m4v3/eMZqXtBSEuGR+7s2v1O8p1\nw2UOANI3m46FVMDm/eXW1P4bnfkilJM9pzxq/YoNrxEi2uNrIYw6ModuZH8oYcbf\npNz+ChkCgYEAx3GU/GxeKlK959oKopPWwny0+qva46JAhfJLpZqMY5u2bWRy4rYN\nJOlpSrjuZ1hrV8y8Qhb4Xi7ui6wxGMyttDYjU0+QeBGYZ7LFLBOaQWUdsvhOVJdl\nfoh5qdwmDyeto8SuBchR4OQAFckjJ8M/P6fxDAq4G++II0STE/1Qsk0CgYEA048y\nGRETO++335qsPd0P0Tr9lwME1Lx7IHd3w2T86jD57ys9ZY668Vjybs+wuBnD3Ltn\n9UXT9yQVQQ705m26vway5D5Zitg5plCzZEiVy0EkWAgHYH2fC0m5RJVNfk6wxUdK\nQuw23PF1uYWiEHdX6rmgpJiV+Vc1zWNqfDnSApsCgYEAk1Ay4ovMtegtuw4TYuhd\n7YOdTbYYVKDolcdU1rojzgMaqQxTy176sHPzQKz98rmdd9mSiCJdS3vQ2LvT++Ra\nvUxrpUKUjAs7DgU+nALSolDksee0O8kjv2Vgr/Ua64C8QcWpYD4JNFpUMcNCQ0F0\n+zi509IrEP9JB/vDwzUNINUCgYEAqHK9+wODgxeuGlZ3ipJ3w6rqu9DlidXBW+qD\n64p/bqEsgGi3bCOnaf/emKi6Fvw83YZCkiLVUVTjr3ePO+Jm7S8SRXX3qfvcezaK\nf/DjhIELxSQva37aogxDff47Q7S4P3wx/vNCA84mZF+o2N+NmxHOfQAZef0ck7ry\n0JLhSr0CgYEApjLjn1nU+MRN69i3NVSH4BPg3InCW650yYKKt3tUA4nmw9lmqoCo\nEWVca4zzj+oR4OxbDWDTHZXvByzeNgw2ado2mahMJqq0kIxA1O7i1lLa+sAGm+UZ\n75vEY7C+n0wqytbeli2u/SGaKb+bpO1AOMD9cuN37YZpdWgRBDaw+l0=\n-----END RSA PRIVATE KEY-----\n",
      "type": "string",
      "sensitive": true
    }
  },
  "resources": [
    {
      "mode": "data",
      "type": "aws_caller_identity",
      "name": "current",
      "provider": "provider[\"registry.terraform.io/hashicorp/aws\"]",
      "instances": [
        {
          "schema_version": 0,
          "attributes": {
            "account_id": "148761655721",
            "arn": "arn:aws:iam::148761655721:user/cicd",
            "id": "148761655721",
            "user_id": "AIDASFIXCXGU74VRZPZCA"
          },
          "sensitive_attributes": []
        }
      ]
    },
    {
      "mode": "managed",
      "type": "aws_codedeploy_app",
      "name": "istory-app",
      "provider": "provider[\"registry.terraform.io/hashicorp/aws\"]",
      "instances": [
        {
          "schema_version": 0,
          "attributes": {
            "application_id": "c60758ab-7adb-48f3-8fdf-5cac0b26f0ab",
            "arn": "arn:aws:codedeploy:ap-northeast-2:148761655721:application:istory-app",
            "compute_platform": "Server",
            "github_account_name": "",
            "id": "c60758ab-7adb-48f3-8fdf-5cac0b26f0ab:istory-app",
            "linked_to_github": false,
            "name": "istory-app",
            "tags": null,
            "tags_all": {}
          },
          "sensitive_attributes": [],
          "private": "bnVsbA=="
        }
      ]
    },
    {
      "mode": "managed",
      "type": "aws_codedeploy_deployment_group",
      "name": "istory-deploy_group",
      "provider": "provider[\"registry.terraform.io/hashicorp/aws\"]",
      "instances": [
        {
          "schema_version": 0,
          "attributes": {
            "alarm_configuration": [],
            "app_name": "istory-app",
            "arn": "arn:aws:codedeploy:ap-northeast-2:148761655721:deploymentgroup:istory-app/istory-deploy-group",
            "auto_rollback_configuration": [
              {
                "enabled": true,
                "events": [
                  "DEPLOYMENT_FAILURE"
                ]
              }
            ],
            "autoscaling_groups": null,
            "blue_green_deployment_config": [],
            "compute_platform": "Server",
            "deployment_config_name": "CodeDeployDefault.OneAtATime",
            "deployment_group_id": "16f7de64-f4ac-46e1-98ac-83b7a11ae117",
            "deployment_group_name": "istory-deploy-group",
            "deployment_style": [
              {
                "deployment_option": "WITHOUT_TRAFFIC_CONTROL",
                "deployment_type": "IN_PLACE"
              }
            ],
            "ec2_tag_filter": [],
            "ec2_tag_set": [
              {
                "ec2_tag_filter": [
                  {
                    "key": "Environment",
                    "type": "KEY_AND_VALUE",
                    "value": "Development"
                  }
                ]
              }
            ],
            "ecs_service": [],
            "id": "16f7de64-f4ac-46e1-98ac-83b7a11ae117",
            "load_balancer_info": [],
            "on_premises_instance_tag_filter": [],
            "outdated_instances_strategy": "UPDATE",
            "service_role_arn": "arn:aws:iam::148761655721:role/CodeDeployServiceRole",
            "tags": null,
            "tags_all": {},
            "termination_hook_enabled": false,
            "trigger_configuration": []
          },
          "sensitive_attributes": [],
          "private": "bnVsbA==",
          "dependencies": [
            "aws_codedeploy_app.istory-app",
            "aws_iam_role.codedeploy_service_role"
          ]
        }
      ]
    },
    {
      "mode": "managed",
      "type": "aws_db_instance",
      "name": "istory_db",
      "provider": "provider[\"registry.terraform.io/hashicorp/aws\"]",
      "instances": [
        {
          "schema_version": 2,
          "attributes": {
            "address": "istory-db.c5cwums2sniq.ap-northeast-2.rds.amazonaws.com",
            "allocated_storage": 20,
            "allow_major_version_upgrade": null,
            "apply_immediately": false,
            "arn": "arn:aws:rds:ap-northeast-2:148761655721:db:istory-db",
            "auto_minor_version_upgrade": true,
            "availability_zone": "ap-northeast-2d",
            "backup_retention_period": 7,
            "backup_target": "region",
            "backup_window": "03:00-04:00",
            "blue_green_update": [],
            "ca_cert_identifier": "rds-ca-rsa2048-g1",
            "character_set_name": "",
            "copy_tags_to_snapshot": false,
            "custom_iam_instance_profile": "",
            "customer_owned_ip_enabled": false,
            "database_insights_mode": "standard",
            "db_name": "istory",
            "db_subnet_group_name": "istory-db-subnet-group",
            "dedicated_log_volume": false,
            "delete_automated_backups": true,
            "deletion_protection": false,
            "domain": "",
            "domain_auth_secret_arn": "",
            "domain_dns_ips": null,
            "domain_fqdn": "",
            "domain_iam_role_name": "",
            "domain_ou": "",
            "enabled_cloudwatch_logs_exports": null,
            "endpoint": "istory-db.c5cwums2sniq.ap-northeast-2.rds.amazonaws.com:3306",
            "engine": "mysql",
            "engine_lifecycle_support": "open-source-rds-extended-support",
            "engine_version": "8.0",
            "engine_version_actual": "8.0.40",
            "final_snapshot_identifier": null,
            "hosted_zone_id": "ZLA2NUCOLGUUR",
            "iam_database_authentication_enabled": false,
            "id": "db-TAOGTHZIB6V7IRKPFSXWFGZDAY",
            "identifier": "istory-db",
            "identifier_prefix": "",
            "instance_class": "db.t3.micro",
            "iops": 0,
            "kms_key_id": "",
            "latest_restorable_time": "2025-03-22T05:57:26Z",
            "license_model": "general-public-license",
            "listener_endpoint": [],
            "maintenance_window": "mon:04:00-mon:05:00",
            "manage_master_user_password": null,
            "master_user_secret": [],
            "master_user_secret_kms_key_id": null,
            "max_allocated_storage": 0,
            "monitoring_interval": 0,
            "monitoring_role_arn": "",
            "multi_az": false,
            "nchar_character_set_name": "",
            "network_type": "IPV4",
            "option_group_name": "default:mysql-8-0",
            "parameter_group_name": "istory-db-parameter-group",
            "password": "user12345",
            "password_wo": null,
            "password_wo_version": null,
            "performance_insights_enabled": false,
            "performance_insights_kms_key_id": "",
            "performance_insights_retention_period": 0,
            "port": 3306,
            "publicly_accessible": false,
            "replica_mode": "",
            "replicas": [],
            "replicate_source_db": "",
            "resource_id": "db-TAOGTHZIB6V7IRKPFSXWFGZDAY",
            "restore_to_point_in_time": [],
            "s3_import": [],
            "skip_final_snapshot": true,
            "snapshot_identifier": null,
            "status": "available",
            "storage_encrypted": false,
            "storage_throughput": 0,
            "storage_type": "gp2",
            "tags": {
              "Environment": "Development",
              "Name": "istory"
            },
            "tags_all": {
              "Environment": "Development",
              "Name": "istory"
            },
            "timeouts": null,
            "timezone": "",
            "upgrade_storage_config": null,
            "username": "user",
            "vpc_security_group_ids": [
              "sg-0113fed093a20302c"
            ]
          },
          "sensitive_attributes": [
            [
              {
                "type": "get_attr",
                "value": "password_wo"
              }
            ],
            [
              {
                "type": "get_attr",
                "value": "password"
              }
            ]
          ],
          "private": "eyJlMmJmYjczMC1lY2FhLTExZTYtOGY4OC0zNDM2M2JjN2M0YzAiOnsiY3JlYXRlIjozMDAwMDAwMDAwMDAwLCJkZWxldGUiOjM2MDAwMDAwMDAwMDAsInVwZGF0ZSI6NDgwMDAwMDAwMDAwMH0sInNjaGVtYV92ZXJzaW9uIjoiMiJ9",
          "dependencies": [
            "aws_db_parameter_group.istory_db_parameter_group",
            "aws_db_subnet_group.istory_db_subnet_group",
            "aws_security_group.istory_nginx_sg",
            "aws_security_group.istory_rds_sg",
            "aws_subnet.dangtong-vpc-public-subnet",
            "aws_vpc.dangtong-vpc"
          ]
        }
      ]
    },
    {
      "mode": "managed",
      "type": "aws_db_parameter_group",
      "name": "istory_db_parameter_group",
      "provider": "provider[\"registry.terraform.io/hashicorp/aws\"]",
      "instances": [
        {
          "schema_version": 0,
          "attributes": {
            "arn": "arn:aws:rds:ap-northeast-2:148761655721:pg:istory-db-parameter-group",
            "description": "Managed by Terraform",
            "family": "mysql8.0",
            "id": "istory-db-parameter-group",
            "name": "istory-db-parameter-group",
            "name_prefix": "",
            "parameter": [
              {
                "apply_method": "immediate",
                "name": "character_set_client",
                "value": "utf8mb4"
              },
              {
                "apply_method": "immediate",
                "name": "character_set_server",
                "value": "utf8mb4"
              }
            ],
            "skip_destroy": false,
            "tags": null,
            "tags_all": {}
          },
          "sensitive_attributes": [],
          "private": "bnVsbA=="
        }
      ]
    },
    {
      "mode": "managed",
      "type": "aws_db_subnet_group",
      "name": "istory_db_subnet_group",
      "provider": "provider[\"registry.terraform.io/hashicorp/aws\"]",
      "instances": [
        {
          "schema_version": 0,
          "attributes": {
            "arn": "arn:aws:rds:ap-northeast-2:148761655721:subgrp:istory-db-subnet-group",
            "description": "Managed by Terraform",
            "id": "istory-db-subnet-group",
            "name": "istory-db-subnet-group",
            "name_prefix": "",
            "subnet_ids": [
              "subnet-017f07f9cb7f0448d",
              "subnet-0357b4ba335c46e84",
              "subnet-0b07dd2c33d56e2ab",
              "subnet-0e9ca665453f288eb"
            ],
            "supported_network_types": [
              "IPV4"
            ],
            "tags": {
              "Name": "istory DB subnet group"
            },
            "tags_all": {
              "Name": "istory DB subnet group"
            },
            "vpc_id": "vpc-0c7f079189b79bd1e"
          },
          "sensitive_attributes": [],
          "private": "bnVsbA==",
          "dependencies": [
            "aws_subnet.dangtong-vpc-public-subnet",
            "aws_vpc.dangtong-vpc"
          ]
        }
      ]
    },
    {
      "mode": "managed",
      "type": "aws_iam_instance_profile",
      "name": "ec2_profile",
      "provider": "provider[\"registry.terraform.io/hashicorp/aws\"]",
      "instances": [
        {
          "schema_version": 0,
          "attributes": {
            "arn": "arn:aws:iam::148761655721:instance-profile/EC2CodeDeployProfile",
            "create_date": "2025-03-22T05:52:39Z",
            "id": "EC2CodeDeployProfile",
            "name": "EC2CodeDeployProfile",
            "name_prefix": "",
            "path": "/",
            "role": "EC2CodeDeployRole",
            "tags": null,
            "tags_all": {},
            "unique_id": "AIPASFIXCXGU5BJSDBDPW"
          },
          "sensitive_attributes": [],
          "private": "bnVsbA==",
          "dependencies": [
            "aws_iam_role.ec2_codedeploy_role"
          ]
        }
      ]
    },
    {
      "mode": "managed",
      "type": "aws_iam_role",
      "name": "codedeploy_service_role",
      "provider": "provider[\"registry.terraform.io/hashicorp/aws\"]",
      "instances": [
        {
          "schema_version": 0,
          "attributes": {
            "arn": "arn:aws:iam::148761655721:role/CodeDeployServiceRole",
            "assume_role_policy": "{\"Statement\":[{\"Action\":\"sts:AssumeRole\",\"Effect\":\"Allow\",\"Principal\":{\"Service\":\"codedeploy.amazonaws.com\"}}],\"Version\":\"2012-10-17\"}",
            "create_date": "2025-03-22T05:52:37Z",
            "description": "",
            "force_detach_policies": false,
            "id": "CodeDeployServiceRole",
            "inline_policy": [],
            "managed_policy_arns": [],
            "max_session_duration": 3600,
            "name": "CodeDeployServiceRole",
            "name_prefix": "",
            "path": "/",
            "permissions_boundary": "",
            "tags": {
              "Name": "codedeploy-service-role"
            },
            "tags_all": {
              "Name": "codedeploy-service-role"
            },
            "unique_id": "AROASFIXCXGU3BF3IGKW5"
          },
          "sensitive_attributes": [],
          "private": "bnVsbA=="
        }
      ]
    },
    {
      "mode": "managed",
      "type": "aws_iam_role",
      "name": "ec2_codedeploy_role",
      "provider": "provider[\"registry.terraform.io/hashicorp/aws\"]",
      "instances": [
        {
          "schema_version": 0,
          "attributes": {
            "arn": "arn:aws:iam::148761655721:role/EC2CodeDeployRole",
            "assume_role_policy": "{\"Statement\":[{\"Action\":\"sts:AssumeRole\",\"Effect\":\"Allow\",\"Principal\":{\"Service\":\"ec2.amazonaws.com\"}}],\"Version\":\"2012-10-17\"}",
            "create_date": "2025-03-22T05:52:37Z",
            "description": "",
            "force_detach_policies": false,
            "id": "EC2CodeDeployRole",
            "inline_policy": [],
            "managed_policy_arns": [],
            "max_session_duration": 3600,
            "name": "EC2CodeDeployRole",
            "name_prefix": "",
            "path": "/",
            "permissions_boundary": "",
            "tags": {
              "Name": "ec2-codedeploy-role"
            },
            "tags_all": {
              "Name": "ec2-codedeploy-role"
            },
            "unique_id": "AROASFIXCXGUULTF4MCBT"
          },
          "sensitive_attributes": [],
          "private": "bnVsbA=="
        }
      ]
    },
    {
      "mode": "managed",
      "type": "aws_iam_role_policy_attachment",
      "name": "codedeploy_service",
      "provider": "provider[\"registry.terraform.io/hashicorp/aws\"]",
      "instances": [
        {
          "schema_version": 0,
          "attributes": {
            "id": "CodeDeployServiceRole-20250322055239031400000003",
            "policy_arn": "arn:aws:iam::aws:policy/service-role/AWSCodeDeployRole",
            "role": "CodeDeployServiceRole"
          },
          "sensitive_attributes": [],
          "private": "bnVsbA==",
          "dependencies": [
            "aws_iam_role.codedeploy_service_role"
          ]
        }
      ]
    },
    {
      "mode": "managed",
      "type": "aws_iam_role_policy_attachment",
      "name": "ec2_codedeploy",
      "provider": "provider[\"registry.terraform.io/hashicorp/aws\"]",
      "instances": [
        {
          "schema_version": 0,
          "attributes": {
            "id": "EC2CodeDeployRole-20250322055238637200000001",
            "policy_arn": "arn:aws:iam::aws:policy/service-role/AWSCodeDeployRole",
            "role": "EC2CodeDeployRole"
          },
          "sensitive_attributes": [],
          "private": "bnVsbA==",
          "dependencies": [
            "aws_iam_role.ec2_codedeploy_role"
          ]
        }
      ]
    },
    {
      "mode": "managed",
      "type": "aws_iam_role_policy_attachment",
      "name": "ec2_codedeploy_s3",
      "provider": "provider[\"registry.terraform.io/hashicorp/aws\"]",
      "instances": [
        {
          "schema_version": 0,
          "attributes": {
            "id": "EC2CodeDeployRole-20250322055238662800000002",
            "policy_arn": "arn:aws:iam::aws:policy/AmazonS3ReadOnlyAccess",
            "role": "EC2CodeDeployRole"
          },
          "sensitive_attributes": [],
          "private": "bnVsbA==",
          "dependencies": [
            "aws_iam_role.ec2_codedeploy_role"
          ]
        }
      ]
    },
    {
      "mode": "managed",
      "type": "aws_instance",
      "name": "dev_istory_nginx_instance",
      "provider": "provider[\"registry.terraform.io/hashicorp/aws\"]",
      "instances": [
        {
          "schema_version": 1,
          "attributes": {
            "ami": "ami-08b09b6acd8d62254",
            "arn": "arn:aws:ec2:ap-northeast-2:148761655721:instance/i-05dd4d78c58df2ece",
            "associate_public_ip_address": true,
            "availability_zone": "ap-northeast-2a",
            "capacity_reservation_specification": [
              {
                "capacity_reservation_preference": "open",
                "capacity_reservation_target": []
              }
            ],
            "cpu_core_count": 1,
            "cpu_options": [
              {
                "amd_sev_snp": "",
                "core_count": 1,
                "threads_per_core": 1
              }
            ],
            "cpu_threads_per_core": 1,
            "credit_specification": [
              {
                "cpu_credits": "standard"
              }
            ],
            "disable_api_stop": false,
            "disable_api_termination": false,
            "ebs_block_device": [],
            "ebs_optimized": false,
            "enable_primary_ipv6": null,
            "enclave_options": [
              {
                "enabled": false
              }
            ],
            "ephemeral_block_device": [],
            "get_password_data": false,
            "hibernation": false,
            "host_id": "",
            "host_resource_group_arn": null,
            "iam_instance_profile": "EC2CodeDeployProfile",
            "id": "i-05dd4d78c58df2ece",
            "instance_initiated_shutdown_behavior": "stop",
            "instance_lifecycle": "",
            "instance_market_options": [],
            "instance_state": "running",
            "instance_type": "t2.micro",
            "ipv6_address_count": 0,
            "ipv6_addresses": [],
            "key_name": "ec2-key_pair",
            "launch_template": [],
            "maintenance_options": [
              {
                "auto_recovery": "default"
              }
            ],
            "metadata_options": [
              {
                "http_endpoint": "enabled",
                "http_protocol_ipv6": "disabled",
                "http_put_response_hop_limit": 1,
                "http_tokens": "optional",
                "instance_metadata_tags": "disabled"
              }
            ],
            "monitoring": false,
            "network_interface": [],
            "outpost_arn": "",
            "password_data": "",
            "placement_group": "",
            "placement_partition_number": 0,
            "primary_network_interface_id": "eni-046b906df523c4286",
            "private_dns": "ip-10-0-1-58.ap-northeast-2.compute.internal",
            "private_dns_name_options": [
              {
                "enable_resource_name_dns_a_record": false,
                "enable_resource_name_dns_aaaa_record": false,
                "hostname_type": "ip-name"
              }
            ],
            "private_ip": "10.0.1.58",
            "public_dns": "ec2-43-201-51-238.ap-northeast-2.compute.amazonaws.com",
            "public_ip": "43.201.51.238",
            "root_block_device": [
              {
                "delete_on_termination": true,
                "device_name": "/dev/xvda",
                "encrypted": false,
                "iops": 100,
                "kms_key_id": "",
                "tags": {},
                "tags_all": {},
                "throughput": 0,
                "volume_id": "vol-00a167f9e4034383e",
                "volume_size": 8,
                "volume_type": "gp2"
              }
            ],
            "secondary_private_ips": [],
            "security_groups": [],
            "source_dest_check": true,
            "spot_instance_request_id": "",
            "subnet_id": "subnet-0357b4ba335c46e84",
            "tags": {
              "Environment": "Development",
              "Name": "istory nginx-server"
            },
            "tags_all": {
              "Environment": "Development",
              "Name": "istory nginx-server"
            },
            "tenancy": "default",
            "timeouts": null,
            "user_data": "89573fc17c6928260a1ff3340398cee177fd96f0",
            "user_data_base64": null,
            "user_data_replace_on_change": false,
            "volume_tags": null,
            "vpc_security_group_ids": [
              "sg-0ef640a0dfc8ac3c8"
            ]
          },
          "sensitive_attributes": [],
          "private": "eyJlMmJmYjczMC1lY2FhLTExZTYtOGY4OC0zNDM2M2JjN2M0YzAiOnsiY3JlYXRlIjo2MDAwMDAwMDAwMDAsImRlbGV0ZSI6MTIwMDAwMDAwMDAwMCwicmVhZCI6OTAwMDAwMDAwMDAwLCJ1cGRhdGUiOjYwMDAwMDAwMDAwMH0sInNjaGVtYV92ZXJzaW9uIjoiMSJ9",
          "dependencies": [
            "aws_iam_instance_profile.ec2_profile",
            "aws_iam_role.ec2_codedeploy_role",
            "aws_key_pair.ec2_key_pair",
            "aws_security_group.istory_nginx_sg",
            "aws_subnet.dangtong-vpc-public-subnet",
            "aws_vpc.dangtong-vpc",
            "tls_private_key.ec2_private_key"
          ]
        }
      ]
    },
    {
      "mode": "managed",
      "type": "aws_internet_gateway",
      "name": "dangtong-igw",
      "provider": "provider[\"registry.terraform.io/hashicorp/aws\"]",
      "instances": [
        {
          "schema_version": 0,
          "attributes": {
            "arn": "arn:aws:ec2:ap-northeast-2:148761655721:internet-gateway/igw-00265a938bb7fa985",
            "id": "igw-00265a938bb7fa985",
            "owner_id": "148761655721",
            "tags": {
              "Name": "dangtong-igw"
            },
            "tags_all": {
              "Name": "dangtong-igw"
            },
            "timeouts": null,
            "vpc_id": "vpc-0c7f079189b79bd1e"
          },
          "sensitive_attributes": [],
          "private": "eyJlMmJmYjczMC1lY2FhLTExZTYtOGY4OC0zNDM2M2JjN2M0YzAiOnsiY3JlYXRlIjoxMjAwMDAwMDAwMDAwLCJkZWxldGUiOjEyMDAwMDAwMDAwMDAsInVwZGF0ZSI6MTIwMDAwMDAwMDAwMH19",
          "dependencies": [
            "aws_vpc.dangtong-vpc"
          ]
        }
      ]
    },
    {
      "mode": "managed",
      "type": "aws_key_pair",
      "name": "ec2_key_pair",
      "provider": "provider[\"registry.terraform.io/hashicorp/aws\"]",
      "instances": [
        {
          "schema_version": 1,
          "attributes": {
            "arn": "arn:aws:ec2:ap-northeast-2:148761655721:key-pair/ec2-key_pair",
            "fingerprint": "8d:39:94:a9:05:87:5f:9b:c5:d3:c7:1c:ba:7a:f6:7a",
            "id": "ec2-key_pair",
            "key_name": "ec2-key_pair",
            "key_name_prefix": "",
            "key_pair_id": "key-0ee445b584c3c9504",
            "key_type": "rsa",
            "public_key": "ssh-rsa AAAAB3NzaC1yc2EAAAADAQABAAABAQCk0i1F/NCGUZHDbsakEg8Hh87Ezoa55ZqCU2wBkTE3CnSBT7hUq83yF7srzobeHoJ+gcukk3jU5IIoJL4vluxgN244YrTh5U6tHGZWR8bTu0vO9+YKPtXKltzg7As1+B0SYwasw0brhyHnPbT61Z0EeHCBkqwmlgk+GQPM1rwK8VieeGJO4a7Q20xE6MmyOFN93t+RkUXi8aNtXKzdGwzOpsWFFb5bwNvJSVlQLWbIGE70QcRe+3GZR0S9MxseMzzr5M6FwT5Ci6PN/TpWbZjhfaPXBhQQYf5WREeWOIjCJumI+tkmtIn58qN6wslpDpm0wFw69zR5M7cpOEZpao6f",
            "tags": null,
            "tags_all": {}
          },
          "sensitive_attributes": [],
          "private": "eyJzY2hlbWFfdmVyc2lvbiI6IjEifQ==",
          "dependencies": [
            "tls_private_key.ec2_private_key"
          ]
        }
      ]
    },
    {
      "mode": "managed",
      "type": "aws_route_table",
      "name": "dangtong-vpc-public-rt",
      "provider": "provider[\"registry.terraform.io/hashicorp/aws\"]",
      "instances": [
        {
          "schema_version": 0,
          "attributes": {
            "arn": "arn:aws:ec2:ap-northeast-2:148761655721:route-table/rtb-00bf180cc5d4039f9",
            "id": "rtb-00bf180cc5d4039f9",
            "owner_id": "148761655721",
            "propagating_vgws": [],
            "route": [
              {
                "carrier_gateway_id": "",
                "cidr_block": "0.0.0.0/0",
                "core_network_arn": "",
                "destination_prefix_list_id": "",
                "egress_only_gateway_id": "",
                "gateway_id": "igw-00265a938bb7fa985",
                "ipv6_cidr_block": "",
                "local_gateway_id": "",
                "nat_gateway_id": "",
                "network_interface_id": "",
                "transit_gateway_id": "",
                "vpc_endpoint_id": "",
                "vpc_peering_connection_id": ""
              }
            ],
            "tags": {
              "Name": "dangtong-vpc-public-rt"
            },
            "tags_all": {
              "Name": "dangtong-vpc-public-rt"
            },
            "timeouts": null,
            "vpc_id": "vpc-0c7f079189b79bd1e"
          },
          "sensitive_attributes": [],
          "private": "eyJlMmJmYjczMC1lY2FhLTExZTYtOGY4OC0zNDM2M2JjN2M0YzAiOnsiY3JlYXRlIjozMDAwMDAwMDAwMDAsImRlbGV0ZSI6MzAwMDAwMDAwMDAwLCJ1cGRhdGUiOjEyMDAwMDAwMDAwMH19",
          "dependencies": [
            "aws_internet_gateway.dangtong-igw",
            "aws_vpc.dangtong-vpc"
          ]
        }
      ]
    },
    {
      "mode": "managed",
      "type": "aws_route_table_association",
      "name": "dangtong-vpc-public-rt",
      "provider": "provider[\"registry.terraform.io/hashicorp/aws\"]",
      "instances": [
        {
          "index_key": "a",
          "schema_version": 0,
          "attributes": {
            "gateway_id": "",
            "id": "rtbassoc-099272d53f2976187",
            "route_table_id": "rtb-00bf180cc5d4039f9",
            "subnet_id": "subnet-0357b4ba335c46e84",
            "timeouts": null
          },
          "sensitive_attributes": [],
          "private": "eyJlMmJmYjczMC1lY2FhLTExZTYtOGY4OC0zNDM2M2JjN2M0YzAiOnsiY3JlYXRlIjozMDAwMDAwMDAwMDAsImRlbGV0ZSI6MzAwMDAwMDAwMDAwLCJ1cGRhdGUiOjEyMDAwMDAwMDAwMH19",
          "dependencies": [
            "aws_internet_gateway.dangtong-igw",
            "aws_route_table.dangtong-vpc-public-rt",
            "aws_subnet.dangtong-vpc-public-subnet",
            "aws_vpc.dangtong-vpc"
          ]
        },
        {
          "index_key": "b",
          "schema_version": 0,
          "attributes": {
            "gateway_id": "",
            "id": "rtbassoc-0bc4733bc4abfb36f",
            "route_table_id": "rtb-00bf180cc5d4039f9",
            "subnet_id": "subnet-0e9ca665453f288eb",
            "timeouts": null
          },
          "sensitive_attributes": [],
          "private": "eyJlMmJmYjczMC1lY2FhLTExZTYtOGY4OC0zNDM2M2JjN2M0YzAiOnsiY3JlYXRlIjozMDAwMDAwMDAwMDAsImRlbGV0ZSI6MzAwMDAwMDAwMDAwLCJ1cGRhdGUiOjEyMDAwMDAwMDAwMH19",
          "dependencies": [
            "aws_internet_gateway.dangtong-igw",
            "aws_route_table.dangtong-vpc-public-rt",
            "aws_subnet.dangtong-vpc-public-subnet",
            "aws_vpc.dangtong-vpc"
          ]
        },
        {
          "index_key": "c",
          "schema_version": 0,
          "attributes": {
            "gateway_id": "",
            "id": "rtbassoc-0d247f1d086a6b818",
            "route_table_id": "rtb-00bf180cc5d4039f9",
            "subnet_id": "subnet-017f07f9cb7f0448d",
            "timeouts": null
          },
          "sensitive_attributes": [],
          "private": "eyJlMmJmYjczMC1lY2FhLTExZTYtOGY4OC0zNDM2M2JjN2M0YzAiOnsiY3JlYXRlIjozMDAwMDAwMDAwMDAsImRlbGV0ZSI6MzAwMDAwMDAwMDAwLCJ1cGRhdGUiOjEyMDAwMDAwMDAwMH19",
          "dependencies": [
            "aws_internet_gateway.dangtong-igw",
            "aws_route_table.dangtong-vpc-public-rt",
            "aws_subnet.dangtong-vpc-public-subnet",
            "aws_vpc.dangtong-vpc"
          ]
        },
        {
          "index_key": "d",
          "schema_version": 0,
          "attributes": {
            "gateway_id": "",
            "id": "rtbassoc-0d3360b666ba2d3c5",
            "route_table_id": "rtb-00bf180cc5d4039f9",
            "subnet_id": "subnet-0b07dd2c33d56e2ab",
            "timeouts": null
          },
          "sensitive_attributes": [],
          "private": "eyJlMmJmYjczMC1lY2FhLTExZTYtOGY4OC0zNDM2M2JjN2M0YzAiOnsiY3JlYXRlIjozMDAwMDAwMDAwMDAsImRlbGV0ZSI6MzAwMDAwMDAwMDAwLCJ1cGRhdGUiOjEyMDAwMDAwMDAwMH19",
          "dependencies": [
            "aws_internet_gateway.dangtong-igw",
            "aws_route_table.dangtong-vpc-public-rt",
            "aws_subnet.dangtong-vpc-public-subnet",
            "aws_vpc.dangtong-vpc"
          ]
        }
      ]
    },
    {
      "mode": "managed",
      "type": "aws_s3_bucket",
      "name": "istory-deploy-bucket",
      "provider": "provider[\"registry.terraform.io/hashicorp/aws\"]",
      "instances": [
        {
          "schema_version": 0,
          "attributes": {
            "acceleration_status": "",
            "acl": null,
            "arn": "arn:aws:s3:::istory-deploy-bucket-148761655721",
            "bucket": "istory-deploy-bucket-148761655721",
            "bucket_domain_name": "istory-deploy-bucket-148761655721.s3.amazonaws.com",
            "bucket_prefix": "",
            "bucket_regional_domain_name": "istory-deploy-bucket-148761655721.s3.ap-northeast-2.amazonaws.com",
            "cors_rule": [],
            "force_destroy": false,
            "grant": [
              {
                "id": "b1c044a5f1265e0162a67390c5920a4651c9e05b32bf45ab196165cb7d3cf415",
                "permissions": [
                  "FULL_CONTROL"
                ],
                "type": "CanonicalUser",
                "uri": ""
              }
            ],
            "hosted_zone_id": "Z3W03O7B5YMIYP",
            "id": "istory-deploy-bucket-148761655721",
            "lifecycle_rule": [],
            "logging": [],
            "object_lock_configuration": [],
            "object_lock_enabled": false,
            "policy": "",
            "region": "ap-northeast-2",
            "replication_configuration": [],
            "request_payer": "BucketOwner",
            "server_side_encryption_configuration": [
              {
                "rule": [
                  {
                    "apply_server_side_encryption_by_default": [
                      {
                        "kms_master_key_id": "",
                        "sse_algorithm": "AES256"
                      }
                    ],
                    "bucket_key_enabled": false
                  }
                ]
              }
            ],
            "tags": null,
            "tags_all": {},
            "timeouts": null,
            "versioning": [
              {
                "enabled": false,
                "mfa_delete": false
              }
            ],
            "website": [],
            "website_domain": null,
            "website_endpoint": null
          },
          "sensitive_attributes": [],
          "private": "eyJlMmJmYjczMC1lY2FhLTExZTYtOGY4OC0zNDM2M2JjN2M0YzAiOnsiY3JlYXRlIjoxMjAwMDAwMDAwMDAwLCJkZWxldGUiOjM2MDAwMDAwMDAwMDAsInJlYWQiOjEyMDAwMDAwMDAwMDAsInVwZGF0ZSI6MTIwMDAwMDAwMDAwMH19",
          "dependencies": [
            "data.aws_caller_identity.current"
          ]
        }
      ]
    },
    {
      "mode": "managed",
      "type": "aws_s3_bucket_versioning",
      "name": "deploy_bucket_versioning",
      "provider": "provider[\"registry.terraform.io/hashicorp/aws\"]",
      "instances": [
        {
          "schema_version": 0,
          "attributes": {
            "bucket": "istory-deploy-bucket-148761655721",
            "expected_bucket_owner": "",
            "id": "istory-deploy-bucket-148761655721",
            "mfa": null,
            "versioning_configuration": [
              {
                "mfa_delete": "",
                "status": "Enabled"
              }
            ]
          },
          "sensitive_attributes": [],
          "private": "bnVsbA==",
          "dependencies": [
            "aws_s3_bucket.istory-deploy-bucket",
            "data.aws_caller_identity.current"
          ]
        }
      ]
    },
    {
      "mode": "managed",
      "type": "aws_security_group",
      "name": "istory_nginx_sg",
      "provider": "provider[\"registry.terraform.io/hashicorp/aws\"]",
      "instances": [
        {
          "schema_version": 1,
          "attributes": {
            "arn": "arn:aws:ec2:ap-northeast-2:148761655721:security-group/sg-0ef640a0dfc8ac3c8",
            "description": "Managed by Terraform",
            "egress": [
              {
                "cidr_blocks": [
                  "0.0.0.0/0"
                ],
                "description": "",
                "from_port": 0,
                "ipv6_cidr_blocks": [],
                "prefix_list_ids": [],
                "protocol": "-1",
                "security_groups": [],
                "self": false,
                "to_port": 0
              }
            ],
            "id": "sg-0ef640a0dfc8ac3c8",
            "ingress": [
              {
                "cidr_blocks": [
                  "0.0.0.0/0"
                ],
                "description": "Allow HTTP",
                "from_port": 8080,
                "ipv6_cidr_blocks": [],
                "prefix_list_ids": [],
                "protocol": "tcp",
                "security_groups": [],
                "self": false,
                "to_port": 8080
              },
              {
                "cidr_blocks": [
                  "0.0.0.0/0"
                ],
                "description": "Allow SSH",
                "from_port": 22,
                "ipv6_cidr_blocks": [],
                "prefix_list_ids": [],
                "protocol": "tcp",
                "security_groups": [],
                "self": false,
                "to_port": 22
              }
            ],
            "name": "istory nginx sg20250322055248520200000004",
            "name_prefix": "istory nginx sg",
            "owner_id": "148761655721",
            "revoke_rules_on_delete": false,
            "tags": null,
            "tags_all": {},
            "timeouts": null,
            "vpc_id": "vpc-0c7f079189b79bd1e"
          },
          "sensitive_attributes": [],
          "private": "eyJlMmJmYjczMC1lY2FhLTExZTYtOGY4OC0zNDM2M2JjN2M0YzAiOnsiY3JlYXRlIjo2MDAwMDAwMDAwMDAsImRlbGV0ZSI6OTAwMDAwMDAwMDAwfSwic2NoZW1hX3ZlcnNpb24iOiIxIn0=",
          "dependencies": [
            "aws_vpc.dangtong-vpc"
          ]
        }
      ]
    },
    {
      "mode": "managed",
      "type": "aws_security_group",
      "name": "istory_rds_sg",
      "provider": "provider[\"registry.terraform.io/hashicorp/aws\"]",
      "instances": [
        {
          "schema_version": 1,
          "attributes": {
            "arn": "arn:aws:ec2:ap-northeast-2:148761655721:security-group/sg-0113fed093a20302c",
            "description": "Managed by Terraform",
            "egress": [
              {
                "cidr_blocks": [
                  "0.0.0.0/0"
                ],
                "description": "",
                "from_port": 0,
                "ipv6_cidr_blocks": [],
                "prefix_list_ids": [],
                "protocol": "-1",
                "security_groups": [],
                "self": false,
                "to_port": 0
              }
            ],
            "id": "sg-0113fed093a20302c",
            "ingress": [
              {
                "cidr_blocks": [],
                "description": "Allow MySQL from EC2",
                "from_port": 3306,
                "ipv6_cidr_blocks": [],
                "prefix_list_ids": [],
                "protocol": "tcp",
                "security_groups": [
                  "sg-0ef640a0dfc8ac3c8"
                ],
                "self": false,
                "to_port": 3306
              }
            ],
            "name": "istory rds sg20250322055251275800000006",
            "name_prefix": "istory rds sg",
            "owner_id": "148761655721",
            "revoke_rules_on_delete": false,
            "tags": {
              "Name": "istory-rds-sg"
            },
            "tags_all": {
              "Name": "istory-rds-sg"
            },
            "timeouts": null,
            "vpc_id": "vpc-0c7f079189b79bd1e"
          },
          "sensitive_attributes": [],
          "private": "eyJlMmJmYjczMC1lY2FhLTExZTYtOGY4OC0zNDM2M2JjN2M0YzAiOnsiY3JlYXRlIjo2MDAwMDAwMDAwMDAsImRlbGV0ZSI6OTAwMDAwMDAwMDAwfSwic2NoZW1hX3ZlcnNpb24iOiIxIn0=",
          "dependencies": [
            "aws_security_group.istory_nginx_sg",
            "aws_vpc.dangtong-vpc"
          ]
        }
      ]
    },
    {
      "mode": "managed",
      "type": "aws_subnet",
      "name": "dangtong-vpc-public-subnet",
      "provider": "provider[\"registry.terraform.io/hashicorp/aws\"]",
      "instances": [
        {
          "index_key": "a",
          "schema_version": 1,
          "attributes": {
            "arn": "arn:aws:ec2:ap-northeast-2:148761655721:subnet/subnet-0357b4ba335c46e84",
            "assign_ipv6_address_on_creation": false,
            "availability_zone": "ap-northeast-2a",
            "availability_zone_id": "apne2-az1",
            "cidr_block": "10.0.1.0/24",
            "customer_owned_ipv4_pool": "",
            "enable_dns64": false,
            "enable_lni_at_device_index": 0,
            "enable_resource_name_dns_a_record_on_launch": false,
            "enable_resource_name_dns_aaaa_record_on_launch": false,
            "id": "subnet-0357b4ba335c46e84",
            "ipv6_cidr_block": "",
            "ipv6_cidr_block_association_id": "",
            "ipv6_native": false,
            "map_customer_owned_ip_on_launch": false,
            "map_public_ip_on_launch": true,
            "outpost_arn": "",
            "owner_id": "148761655721",
            "private_dns_hostname_type_on_launch": "ip-name",
            "tags": {
              "Name": "dangtong-vpc-public-subnet-a"
            },
            "tags_all": {
              "Name": "dangtong-vpc-public-subnet-a"
            },
            "timeouts": null,
            "vpc_id": "vpc-0c7f079189b79bd1e"
          },
          "sensitive_attributes": [],
          "private": "eyJlMmJmYjczMC1lY2FhLTExZTYtOGY4OC0zNDM2M2JjN2M0YzAiOnsiY3JlYXRlIjo2MDAwMDAwMDAwMDAsImRlbGV0ZSI6MTIwMDAwMDAwMDAwMH0sInNjaGVtYV92ZXJzaW9uIjoiMSJ9",
          "dependencies": [
            "aws_vpc.dangtong-vpc"
          ]
        },
        {
          "index_key": "b",
          "schema_version": 1,
          "attributes": {
            "arn": "arn:aws:ec2:ap-northeast-2:148761655721:subnet/subnet-0e9ca665453f288eb",
            "assign_ipv6_address_on_creation": false,
            "availability_zone": "ap-northeast-2b",
            "availability_zone_id": "apne2-az2",
            "cidr_block": "10.0.2.0/24",
            "customer_owned_ipv4_pool": "",
            "enable_dns64": false,
            "enable_lni_at_device_index": 0,
            "enable_resource_name_dns_a_record_on_launch": false,
            "enable_resource_name_dns_aaaa_record_on_launch": false,
            "id": "subnet-0e9ca665453f288eb",
            "ipv6_cidr_block": "",
            "ipv6_cidr_block_association_id": "",
            "ipv6_native": false,
            "map_customer_owned_ip_on_launch": false,
            "map_public_ip_on_launch": true,
            "outpost_arn": "",
            "owner_id": "148761655721",
            "private_dns_hostname_type_on_launch": "ip-name",
            "tags": {
              "Name": "dangtong-vpc-public-subnet-b"
            },
            "tags_all": {
              "Name": "dangtong-vpc-public-subnet-b"
            },
            "timeouts": null,
            "vpc_id": "vpc-0c7f079189b79bd1e"
          },
          "sensitive_attributes": [],
          "private": "eyJlMmJmYjczMC1lY2FhLTExZTYtOGY4OC0zNDM2M2JjN2M0YzAiOnsiY3JlYXRlIjo2MDAwMDAwMDAwMDAsImRlbGV0ZSI6MTIwMDAwMDAwMDAwMH0sInNjaGVtYV92ZXJzaW9uIjoiMSJ9",
          "dependencies": [
            "aws_vpc.dangtong-vpc"
          ]
        },
        {
          "index_key": "c",
          "schema_version": 1,
          "attributes": {
            "arn": "arn:aws:ec2:ap-northeast-2:148761655721:subnet/subnet-017f07f9cb7f0448d",
            "assign_ipv6_address_on_creation": false,
            "availability_zone": "ap-northeast-2c",
            "availability_zone_id": "apne2-az3",
            "cidr_block": "10.0.3.0/24",
            "customer_owned_ipv4_pool": "",
            "enable_dns64": false,
            "enable_lni_at_device_index": 0,
            "enable_resource_name_dns_a_record_on_launch": false,
            "enable_resource_name_dns_aaaa_record_on_launch": false,
            "id": "subnet-017f07f9cb7f0448d",
            "ipv6_cidr_block": "",
            "ipv6_cidr_block_association_id": "",
            "ipv6_native": false,
            "map_customer_owned_ip_on_launch": false,
            "map_public_ip_on_launch": true,
            "outpost_arn": "",
            "owner_id": "148761655721",
            "private_dns_hostname_type_on_launch": "ip-name",
            "tags": {
              "Name": "dangtong-vpc-public-subnet-c"
            },
            "tags_all": {
              "Name": "dangtong-vpc-public-subnet-c"
            },
            "timeouts": null,
            "vpc_id": "vpc-0c7f079189b79bd1e"
          },
          "sensitive_attributes": [],
          "private": "eyJlMmJmYjczMC1lY2FhLTExZTYtOGY4OC0zNDM2M2JjN2M0YzAiOnsiY3JlYXRlIjo2MDAwMDAwMDAwMDAsImRlbGV0ZSI6MTIwMDAwMDAwMDAwMH0sInNjaGVtYV92ZXJzaW9uIjoiMSJ9",
          "dependencies": [
            "aws_vpc.dangtong-vpc"
          ]
        },
        {
          "index_key": "d",
          "schema_version": 1,
          "attributes": {
            "arn": "arn:aws:ec2:ap-northeast-2:148761655721:subnet/subnet-0b07dd2c33d56e2ab",
            "assign_ipv6_address_on_creation": false,
            "availability_zone": "ap-northeast-2d",
            "availability_zone_id": "apne2-az4",
            "cidr_block": "10.0.4.0/24",
            "customer_owned_ipv4_pool": "",
            "enable_dns64": false,
            "enable_lni_at_device_index": 0,
            "enable_resource_name_dns_a_record_on_launch": false,
            "enable_resource_name_dns_aaaa_record_on_launch": false,
            "id": "subnet-0b07dd2c33d56e2ab",
            "ipv6_cidr_block": "",
            "ipv6_cidr_block_association_id": "",
            "ipv6_native": false,
            "map_customer_owned_ip_on_launch": false,
            "map_public_ip_on_launch": true,
            "outpost_arn": "",
            "owner_id": "148761655721",
            "private_dns_hostname_type_on_launch": "ip-name",
            "tags": {
              "Name": "dangtong-vpc-public-subnet-d"
            },
            "tags_all": {
              "Name": "dangtong-vpc-public-subnet-d"
            },
            "timeouts": null,
            "vpc_id": "vpc-0c7f079189b79bd1e"
          },
          "sensitive_attributes": [],
          "private": "eyJlMmJmYjczMC1lY2FhLTExZTYtOGY4OC0zNDM2M2JjN2M0YzAiOnsiY3JlYXRlIjo2MDAwMDAwMDAwMDAsImRlbGV0ZSI6MTIwMDAwMDAwMDAwMH0sInNjaGVtYV92ZXJzaW9uIjoiMSJ9",
          "dependencies": [
            "aws_vpc.dangtong-vpc"
          ]
        }
      ]
    },
    {
      "mode": "managed",
      "type": "aws_vpc",
      "name": "dangtong-vpc",
      "provider": "provider[\"registry.terraform.io/hashicorp/aws\"]",
      "instances": [
        {
          "schema_version": 1,
          "attributes": {
            "arn": "arn:aws:ec2:ap-northeast-2:148761655721:vpc/vpc-0c7f079189b79bd1e",
            "assign_generated_ipv6_cidr_block": false,
            "cidr_block": "10.0.0.0/16",
            "default_network_acl_id": "acl-0fee1fcac7a48245c",
            "default_route_table_id": "rtb-0601c71411b98b1f3",
            "default_security_group_id": "sg-0ff13bc9ab13a70a2",
            "dhcp_options_id": "dopt-090b27781de554590",
            "enable_dns_hostnames": true,
            "enable_dns_support": true,
            "enable_network_address_usage_metrics": false,
            "id": "vpc-0c7f079189b79bd1e",
            "instance_tenancy": "default",
            "ipv4_ipam_pool_id": null,
            "ipv4_netmask_length": null,
            "ipv6_association_id": "",
            "ipv6_cidr_block": "",
            "ipv6_cidr_block_network_border_group": "",
            "ipv6_ipam_pool_id": "",
            "ipv6_netmask_length": 0,
            "main_route_table_id": "rtb-0601c71411b98b1f3",
            "owner_id": "148761655721",
            "tags": {
              "Name": "dangtong-vpc"
            },
            "tags_all": {
              "Name": "dangtong-vpc"
            }
          },
          "sensitive_attributes": [],
          "private": "eyJzY2hlbWFfdmVyc2lvbiI6IjEifQ=="
        }
      ]
    },
    {
      "mode": "managed",
      "type": "tls_private_key",
      "name": "ec2_private_key",
      "provider": "provider[\"registry.terraform.io/hashicorp/tls\"]",
      "instances": [
        {
          "schema_version": 1,
          "attributes": {
            "algorithm": "RSA",
            "ecdsa_curve": "P224",
            "id": "56455c209e40a7c75fe487e30e7b1d464a45ab88",
            "private_key_openssh": "-----BEGIN OPENSSH PRIVATE KEY-----\nb3BlbnNzaC1rZXktdjEAAAAABG5vbmUAAAAEbm9uZQAAAAAAAAABAAABFwAAAAdz\nc2gtcnNhAAAAAwEAAQAAAQEApNItRfzQhlGRw27GpBIPB4fOxM6GueWaglNsAZEx\nNwp0gU+4VKvN8he7K86G3h6CfoHLpJN41OSCKCS+L5bsYDduOGK04eVOrRxmVkfG\n07tLzvfmCj7Vypbc4OwLNfgdEmMGrMNG64ch5z20+tWdBHhwgZKsJpYJPhkDzNa8\nCvFYnnhiTuGu0NtMROjJsjhTfd7fkZFF4vGjbVys3RsMzqbFhRW+W8DbyUlZUC1m\nyBhO9EHEXvtxmUdEvTMbHjM86+TOhcE+Qoujzf06Vm2Y4X2j1wYUEGH+VkRHljiI\nwibpiPrZJrSJ+fKjesLJaQ6ZtMBcOvc0eTO3KThGaWqOnwAAA7jM0c8ozNHPKAAA\nAAdzc2gtcnNhAAABAQCk0i1F/NCGUZHDbsakEg8Hh87Ezoa55ZqCU2wBkTE3CnSB\nT7hUq83yF7srzobeHoJ+gcukk3jU5IIoJL4vluxgN244YrTh5U6tHGZWR8bTu0vO\n9+YKPtXKltzg7As1+B0SYwasw0brhyHnPbT61Z0EeHCBkqwmlgk+GQPM1rwK8Vie\neGJO4a7Q20xE6MmyOFN93t+RkUXi8aNtXKzdGwzOpsWFFb5bwNvJSVlQLWbIGE70\nQcRe+3GZR0S9MxseMzzr5M6FwT5Ci6PN/TpWbZjhfaPXBhQQYf5WREeWOIjCJumI\n+tkmtIn58qN6wslpDpm0wFw69zR5M7cpOEZpao6fAAAAAwEAAQAAAQAukafzD2SH\nnwJ1WpZLg0K12PxmBQhx+9q1Ggb5RmHGcHDMnI6zdbuBvIzI6tiWZ75tKhU00eoh\nFNNlrkQCRD1TTjYZPmJnNRgOt2h+1lbqOhBIUSixGmHjlM6hym+8dvcX29zl8WLX\nZ13/7SJ2gOaVfcYkBiIX4OqJnh3BwaZt3KERrifLQVNu0GY/QOrr5sItpxT2iT43\n7d0oKCTRtL1oO4waUemUwgNlhTxQ8PVc47jwdUUDKfZuL9/3jGal7QUhLhkfu7Nr\n9TvKdcNlDgDSN5uOhVTA5v3l1tT+G535IpSTPac8av2KDa8RItrjayGMOjKHbmR/\nKGHG36Tc/goZAAAAgQCmMuOfWdT4xE3r2Lc1VIfgE+DcicJbrnTJgoq3e1QDiebD\n2WaqgKgRZVxrjPOP6hHg7FsNYNMdle8HLN42DDZp2jaZqEwmqrSQjEDU7uLWUtr6\nwAab5Rnvm8RjsL6fTCrK1t6WLa79IZopv5uk7UA4wP1y43fthml1aBEENrD6XQAA\nAIEAx3GU/GxeKlK959oKopPWwny0+qva46JAhfJLpZqMY5u2bWRy4rYNJOlpSrju\nZ1hrV8y8Qhb4Xi7ui6wxGMyttDYjU0+QeBGYZ7LFLBOaQWUdsvhOVJdlfoh5qdwm\nDyeto8SuBchR4OQAFckjJ8M/P6fxDAq4G++II0STE/1Qsk0AAACBANOPMhkREzvv\nt9+arD3dD9E6/ZcDBNS8eyB3d8Nk/Oow+e8rPWWOuvFY8m7PsLgZw9y7Z/VF0/ck\nFUEO9OZtur8GsuQ+WYrYOaZQs2RIlctBJFgIB2B9nwtJuUSVTX5OsMVHSkLsNtzx\ndbmFohB3V+q5oKSYlflXNc1janw50gKbAAAAAAEC\n-----END OPENSSH PRIVATE KEY-----\n",
            "private_key_pem": "-----BEGIN RSA PRIVATE KEY-----\nMIIEpQIBAAKCAQEApNItRfzQhlGRw27GpBIPB4fOxM6GueWaglNsAZExNwp0gU+4\nVKvN8he7K86G3h6CfoHLpJN41OSCKCS+L5bsYDduOGK04eVOrRxmVkfG07tLzvfm\nCj7Vypbc4OwLNfgdEmMGrMNG64ch5z20+tWdBHhwgZKsJpYJPhkDzNa8CvFYnnhi\nTuGu0NtMROjJsjhTfd7fkZFF4vGjbVys3RsMzqbFhRW+W8DbyUlZUC1myBhO9EHE\nXvtxmUdEvTMbHjM86+TOhcE+Qoujzf06Vm2Y4X2j1wYUEGH+VkRHljiIwibpiPrZ\nJrSJ+fKjesLJaQ6ZtMBcOvc0eTO3KThGaWqOnwIDAQABAoIBAC6Rp/MPZIefAnVa\nlkuDQrXY/GYFCHH72rUaBvlGYcZwcMycjrN1u4G8jMjq2JZnvm0qFTTR6iEU02Wu\nRAJEPVNONhk+Ymc1GA63aH7WVuo6EEhRKLEaYeOUzqHKb7x29xfb3OXxYtdnXf/t\nInaA5pV9xiQGIhfg6omeHcHBpm3coRGuJ8tBU27QZj9A6uvmwi2nFPaJPjft3Sgo\nJNG0vWg7jBpR6ZTCA2WFPFDw9VzjuPB1RQMp9m4v3/eMZqXtBSEuGR+7s2v1O8p1\nw2UOANI3m46FVMDm/eXW1P4bnfkilJM9pzxq/YoNrxEi2uNrIYw6ModuZH8oYcbf\npNz+ChkCgYEAx3GU/GxeKlK959oKopPWwny0+qva46JAhfJLpZqMY5u2bWRy4rYN\nJOlpSrjuZ1hrV8y8Qhb4Xi7ui6wxGMyttDYjU0+QeBGYZ7LFLBOaQWUdsvhOVJdl\nfoh5qdwmDyeto8SuBchR4OQAFckjJ8M/P6fxDAq4G++II0STE/1Qsk0CgYEA048y\nGRETO++335qsPd0P0Tr9lwME1Lx7IHd3w2T86jD57ys9ZY668Vjybs+wuBnD3Ltn\n9UXT9yQVQQ705m26vway5D5Zitg5plCzZEiVy0EkWAgHYH2fC0m5RJVNfk6wxUdK\nQuw23PF1uYWiEHdX6rmgpJiV+Vc1zWNqfDnSApsCgYEAk1Ay4ovMtegtuw4TYuhd\n7YOdTbYYVKDolcdU1rojzgMaqQxTy176sHPzQKz98rmdd9mSiCJdS3vQ2LvT++Ra\nvUxrpUKUjAs7DgU+nALSolDksee0O8kjv2Vgr/Ua64C8QcWpYD4JNFpUMcNCQ0F0\n+zi509IrEP9JB/vDwzUNINUCgYEAqHK9+wODgxeuGlZ3ipJ3w6rqu9DlidXBW+qD\n64p/bqEsgGi3bCOnaf/emKi6Fvw83YZCkiLVUVTjr3ePO+Jm7S8SRXX3qfvcezaK\nf/DjhIELxSQva37aogxDff47Q7S4P3wx/vNCA84mZF+o2N+NmxHOfQAZef0ck7ry\n0JLhSr0CgYEApjLjn1nU+MRN69i3NVSH4BPg3InCW650yYKKt3tUA4nmw9lmqoCo\nEWVca4zzj+oR4OxbDWDTHZXvByzeNgw2ado2mahMJqq0kIxA1O7i1lLa+sAGm+UZ\n75vEY7C+n0wqytbeli2u/SGaKb+bpO1AOMD9cuN37YZpdWgRBDaw+l0=\n-----END RSA PRIVATE KEY-----\n",
            "private_key_pem_pkcs8": "-----BEGIN PRIVATE KEY-----\nMIIEvwIBADANBgkqhkiG9w0BAQEFAASCBKkwggSlAgEAAoIBAQCk0i1F/NCGUZHD\nbsakEg8Hh87Ezoa55ZqCU2wBkTE3CnSBT7hUq83yF7srzobeHoJ+gcukk3jU5IIo\nJL4vluxgN244YrTh5U6tHGZWR8bTu0vO9+YKPtXKltzg7As1+B0SYwasw0brhyHn\nPbT61Z0EeHCBkqwmlgk+GQPM1rwK8VieeGJO4a7Q20xE6MmyOFN93t+RkUXi8aNt\nXKzdGwzOpsWFFb5bwNvJSVlQLWbIGE70QcRe+3GZR0S9MxseMzzr5M6FwT5Ci6PN\n/TpWbZjhfaPXBhQQYf5WREeWOIjCJumI+tkmtIn58qN6wslpDpm0wFw69zR5M7cp\nOEZpao6fAgMBAAECggEALpGn8w9kh58CdVqWS4NCtdj8ZgUIcfvatRoG+UZhxnBw\nzJyOs3W7gbyMyOrYlme+bSoVNNHqIRTTZa5EAkQ9U042GT5iZzUYDrdoftZW6joQ\nSFEosRph45TOocpvvHb3F9vc5fFi12dd/+0idoDmlX3GJAYiF+DqiZ4dwcGmbdyh\nEa4ny0FTbtBmP0Dq6+bCLacU9ok+N+3dKCgk0bS9aDuMGlHplMIDZYU8UPD1XOO4\n8HVFAyn2bi/f94xmpe0FIS4ZH7uza/U7ynXDZQ4A0jebjoVUwOb95dbU/hud+SKU\nkz2nPGr9ig2vESLa42shjDoyh25kfyhhxt+k3P4KGQKBgQDHcZT8bF4qUr3n2gqi\nk9bCfLT6q9rjokCF8kulmoxjm7ZtZHLitg0k6WlKuO5nWGtXzLxCFvheLu6LrDEY\nzK20NiNTT5B4EZhnssUsE5pBZR2y+E5Ul2V+iHmp3CYPJ62jxK4FyFHg5AAVySMn\nwz8/p/EMCrgb74gjRJMT/VCyTQKBgQDTjzIZERM777ffmqw93Q/ROv2XAwTUvHsg\nd3fDZPzqMPnvKz1ljrrxWPJuz7C4GcPcu2f1RdP3JBVBDvTmbbq/BrLkPlmK2Dmm\nULNkSJXLQSRYCAdgfZ8LSblElU1+TrDFR0pC7Dbc8XW5haIQd1fquaCkmJX5VzXN\nY2p8OdICmwKBgQCTUDLii8y16C27DhNi6F3tg51NthhUoOiVx1TWuiPOAxqpDFPL\nXvqwc/NArP3yuZ132ZKIIl1Le9DYu9P75Fq9TGulQpSMCzsOBT6cAtKiUOSx57Q7\nySO/ZWCv9RrrgLxBxalgPgk0WlQxw0JDQXT7OLnT0isQ/0kH+8PDNQ0g1QKBgQCo\ncr37A4ODF64aVneKknfDquq70OWJ1cFb6oPrin9uoSyAaLdsI6dp/96YqLoW/Dzd\nhkKSItVRVOOvd4874mbtLxJFdfep+9x7Nop/8OOEgQvFJC9rftqiDEN9/jtDtLg/\nfDH+80IDziZkX6jY342bEc59ABl5/RyTuvLQkuFKvQKBgQCmMuOfWdT4xE3r2Lc1\nVIfgE+DcicJbrnTJgoq3e1QDiebD2WaqgKgRZVxrjPOP6hHg7FsNYNMdle8HLN42\nDDZp2jaZqEwmqrSQjEDU7uLWUtr6wAab5Rnvm8RjsL6fTCrK1t6WLa79IZopv5uk\n7UA4wP1y43fthml1aBEENrD6XQ==\n-----END PRIVATE KEY-----\n",
            "public_key_fingerprint_md5": "70:b0:46:08:f8:fa:4a:7e:b1:25:17:da:92:c8:c0:fb",
            "public_key_fingerprint_sha256": "SHA256:hA0kR9+9WXfWAGGvUPcmIDvUXOMRcQZX1MuKwkLEW7s",
            "public_key_openssh": "ssh-rsa AAAAB3NzaC1yc2EAAAADAQABAAABAQCk0i1F/NCGUZHDbsakEg8Hh87Ezoa55ZqCU2wBkTE3CnSBT7hUq83yF7srzobeHoJ+gcukk3jU5IIoJL4vluxgN244YrTh5U6tHGZWR8bTu0vO9+YKPtXKltzg7As1+B0SYwasw0brhyHnPbT61Z0EeHCBkqwmlgk+GQPM1rwK8VieeGJO4a7Q20xE6MmyOFN93t+RkUXi8aNtXKzdGwzOpsWFFb5bwNvJSVlQLWbIGE70QcRe+3GZR0S9MxseMzzr5M6FwT5Ci6PN/TpWbZjhfaPXBhQQYf5WREeWOIjCJumI+tkmtIn58qN6wslpDpm0wFw69zR5M7cpOEZpao6f\n",
            "public_key_pem": "-----BEGIN PUBLIC KEY-----\nMIIBIjANBgkqhkiG9w0BAQEFAAOCAQ8AMIIBCgKCAQEApNItRfzQhlGRw27GpBIP\nB4fOxM6GueWaglNsAZExNwp0gU+4VKvN8he7K86G3h6CfoHLpJN41OSCKCS+L5bs\nYDduOGK04eVOrRxmVkfG07tLzvfmCj7Vypbc4OwLNfgdEmMGrMNG64ch5z20+tWd\nBHhwgZKsJpYJPhkDzNa8CvFYnnhiTuGu0NtMROjJsjhTfd7fkZFF4vGjbVys3RsM\nzqbFhRW+W8DbyUlZUC1myBhO9EHEXvtxmUdEvTMbHjM86+TOhcE+Qoujzf06Vm2Y\n4X2j1wYUEGH+VkRHljiIwibpiPrZJrSJ+fKjesLJaQ6ZtMBcOvc0eTO3KThGaWqO\nnwIDAQAB\n-----END PUBLIC KEY-----\n",
            "rsa_bits": 2048
          },
          "sensitive_attributes": [
            [
              {
                "type": "get_attr",
                "value": "private_key_pem_pkcs8"
              }
            ],
            [
              {
                "type": "get_attr",
                "value": "private_key_pem"
              }
            ],
            [
              {
                "type": "get_attr",
                "value": "private_key_openssh"
              }
            ]
          ]
        }
      ]
    }
  ],
  "check_results": null
}
